<Solution>
  <Project Path="ChronoMatrix.Ports.SettingsAccess/ChronoMatrix.Ports.SettingsAccess.csproj" Id="3006dfc7-e746-4e0b-b815-5de0007cd697" />
  <Project Path="ChronoMatrix/ChronoMatrix.csproj" />
  <Folder Name="/SolutionItems/">
    <File Path="Directory.Build.props" />
  </Folder>
  <Project Path="ChronoMatrix.Controls/ChronoMatrix.Controls.csproj" Id="286c7bb7-df1d-4ce1-8d8f-c261956bd085" />
</Solution>
